c12f6098e641aaca96c60215800f18f5671039aecf812217fab3c0d152f6adb4  includes/jquery-1.9.1.min.js  https://s3.amazonaws.com/scripting.com/code/includes/jquery-1.9.1.min.js
6f422c67a15a5d989804fcd4c0ba481e621ddf5c9d2d54f2a242be24da8fa1ff  includes/bootstrap.css  https://s3.amazonaws.com/scripting.com/code/includes/bootstrap.css
7470f9d78491838f5cc3ee51d4ed4d8a232f6c80ae80706dff96c062d3d663b6  includes/bootstrap.min.js  https://s3.amazonaws.com/scripting.com/code/includes/bootstrap.min.js
228419b1f91712f681d6735ec01ea4c6b8cf37149ab6b7e7a68ad6bf29d87ee9  includes/basic/code.js  https://s3.amazonaws.com/scripting.com/code/includes/basic/code.js
05d43933de7c9fed4a1c592652137a7804b1aa4f52ef7ccb1d551a8b6f22c4a1  includes/basic/styles.css  https://s3.amazonaws.com/scripting.com/code/includes/basic/styles.css
f64f1268bdcebdb26e4b0c9ad0fe26b8b33a9b5688916edd11c6a9536f40e4a4  fontawesome/css/all.css  https://s3.amazonaws.com/scripting.com/code/fontawesome/css/all.css
713f0bcbbee492f9d896a5620c82147f541c86853f60abb0b6082ecd66d5a095  feedland/api.js  https://s3.amazonaws.com/scripting.com/code/feedland/home/dev/api.js
96b5abab7a3092c6c0b0e18ae60e4da0ba983d671b6cb2b452fce50c07c823f7  feedland/signupdialog.css  https://s3.amazonaws.com/scripting.com/code/feedland/home/dev/signupdialog.css
a9b9cd75d6ca3c16065c28be44539e08b7326c102789cdbadc635fe8dddedcf5  feedland/signupdialog.js  https://s3.amazonaws.com/scripting.com/code/feedland/home/dev/signupdialog.js
65aa6b9baf8d438e042bd21953b5d6b62632f8958f3ddaa1157aee1c0fbfaba2  feedland/sockets.js  https://s3.amazonaws.com/scripting.com/code/feedland/home/sockets.js
ed9e2404629ecc16b4f697c4adadc8fb5d5b2deb02fb7b6965b1022bfb96048e  concord/concord.js  https://s3.amazonaws.com/scripting.com/code/concord/testing/3.0.6/concord.js
36e4e99296bf214820d33b5c03d4eb4984de03c042a13789c278f2a34628654f  concord/concordstyles.css  https://s3.amazonaws.com/scripting.com/code/concord/testing/3.0.6/concordstyles.css
bf4d30f3d299ed90e791c0a54fb97aa9ba8abca39aa6fbed906c8a75e5fa59b0  fargo/outliner.js  https://s3.amazonaws.com/fargo.io/code/shared/outliner.js
00893626b9c66719ba9439aa639a04f55bcd3009a002feb611da6d34ed0f1625  fargo/markdownConverter.js  https://s3.amazonaws.com/fargo.io/code/markdownConverter.js
1ddb09ba896074d3eedb9c0407fd00f32646f88fb251258949f7fbdb3357b835  outlinedialog/code.js  https://s3.amazonaws.com/scripting.com/code/outlinedialog/code.js
69c0131fa1b2ae5368955a8678a7b8dd0852bd1752c5bbcc7250612a6855fccf  outlinedialog/styles.css  https://s3.amazonaws.com/scripting.com/code/outlinedialog/styles.css
7b343f7878428fc0809934d5080a1d28524797a33e6560b8fea3fc0bfb9fd735  rsschat/feedlandsocket.js  https://s3.amazonaws.com/scripting.com/code/rsschat/feedlandsocket.js
b7e8f59e7c80aa531f6feaea211e70594ba5dac88696161b4f907a00b5d58fa0  turndown/turndown.js  https://cdn.jsdelivr.net/npm/turndown@7.1.1/dist/turndown.js
4d68f3e8fd4873fc26be3e4fb3c886fc94b8cdff07cbf8b7fab7790699a25923  images/kittyStamp.png  https://imgs.scripting.com/2024/09/10/kittyStamp.png
914a7ba14b7d4eb4ff3bd34d48e258834bcb96764d49e710654f5f8094e9f9f9  fontawesome/webfonts/fa-brands-400.eot  https://s3.amazonaws.com/scripting.com/code/fontawesome/webfonts/fa-brands-400.eot
6090f7e91e99ecddafc43f98627d2969d563e9f476a046a5d2bd9dd168300df8  fontawesome/webfonts/fa-brands-400.svg  https://s3.amazonaws.com/scripting.com/code/fontawesome/webfonts/fa-brands-400.svg
365163b706c8cef5fc6c69a0a0ddfc40b5c726d5a955fc2a2cec50deacd77928  fontawesome/webfonts/fa-brands-400.ttf  https://s3.amazonaws.com/scripting.com/code/fontawesome/webfonts/fa-brands-400.ttf
52d02d730e65f74a08e79ca39fadb061c14e59de2ffa830bcf05c030fcf700e9  fontawesome/webfonts/fa-brands-400.woff  https://s3.amazonaws.com/scripting.com/code/fontawesome/webfonts/fa-brands-400.woff
4d0130d314f1669c9ea5a911d401d6250f96386a52b0c38f7b3fb43cdcd10589  fontawesome/webfonts/fa-brands-400.woff2  https://s3.amazonaws.com/scripting.com/code/fontawesome/webfonts/fa-brands-400.woff2
473a9adc2b00aa237a66b820706d1c0255efb0fe6864760042fd576be97fd9ae  fontawesome/webfonts/fa-regular-400.eot  https://s3.amazonaws.com/scripting.com/code/fontawesome/webfonts/fa-regular-400.eot
bfa69f83d4a513bbb01b636ba377ecc1420e263ae32badd37eb33019e2f6bf31  fontawesome/webfonts/fa-regular-400.svg  https://s3.amazonaws.com/scripting.com/code/fontawesome/webfonts/fa-regular-400.svg
ae5af4edddc9b060c2ef509cb09ebe1a4683e689633811434680df319fea5107  fontawesome/webfonts/fa-regular-400.ttf  https://s3.amazonaws.com/scripting.com/code/fontawesome/webfonts/fa-regular-400.ttf
cd1f39fb0b97cd031b9c66cf3c11e893bffb3371dcb815853a1bacd455b563d4  fontawesome/webfonts/fa-regular-400.woff  https://s3.amazonaws.com/scripting.com/code/fontawesome/webfonts/fa-regular-400.woff
0ecd9f5bb492be71e3aacc8ca4f170c8f9890242a25e2c6ec9a42f13561b028f  fontawesome/webfonts/fa-regular-400.woff2  https://s3.amazonaws.com/scripting.com/code/fontawesome/webfonts/fa-regular-400.woff2
263c75a8cab8bdd6b642f29ddbf3bbb0b83af4a66e45604c93cbbf970996b5b3  fontawesome/webfonts/fa-solid-900.eot  https://s3.amazonaws.com/scripting.com/code/fontawesome/webfonts/fa-solid-900.eot
7911424ad79931f495dbfc9779bf52377261ed250a0ff9a0717fef7cf70d83b6  fontawesome/webfonts/fa-solid-900.svg  https://s3.amazonaws.com/scripting.com/code/fontawesome/webfonts/fa-solid-900.svg
52f6d77a005727f4b92051119e76e9956b7ee71bf2c22385819afb1a86d28aa4  fontawesome/webfonts/fa-solid-900.ttf  https://s3.amazonaws.com/scripting.com/code/fontawesome/webfonts/fa-solid-900.ttf
48745629a252fb4e8d2750527c0d49341c2c17d5fe5bc6a37ec82b062ae84c9c  fontawesome/webfonts/fa-solid-900.woff  https://s3.amazonaws.com/scripting.com/code/fontawesome/webfonts/fa-solid-900.woff
5c7df99df232586111917083a85aa31b82ee29e48ca2990e13fae0c0663a923f  fontawesome/webfonts/fa-solid-900.woff2  https://s3.amazonaws.com/scripting.com/code/fontawesome/webfonts/fa-solid-900.woff2
a69dfe4ff8ea7fd225bc3c1fe703866e9ec308024bbac1b27cd76cc63f5e3e54  fonts/HTxqL289NzCGg4MzN6KJ7eW6CYKF_i7y.woff2  https://fonts.gstatic.com/s/archivoblack/v23/HTxqL289NzCGg4MzN6KJ7eW6CYKF_i7y.woff2
25f33e61cf995abd6be62931cf03bf427286259177b43618cc410ee0157cfd30  fonts/HTxqL289NzCGg4MzN6KJ7eW6CYyF_g.woff2  https://fonts.gstatic.com/s/archivoblack/v23/HTxqL289NzCGg4MzN6KJ7eW6CYyF_g.woff2
3231e967d485ca4ce449f61ce4dbf754d00f43ea95ac299986979d5b51ba3b8a  fonts/4iCp6KVjbNBYlgoKejYHtFyBN4Ffgg.woff2  https://fonts.gstatic.com/s/ubuntu/v21/4iCp6KVjbNBYlgoKejYHtFyBN4Ffgg.woff2
579a4bcc72ba1177cc9ec8151ca26f27080cfd81c0975e26dee83d9428576ad0  fonts/4iCp6KVjbNBYlgoKejYHtFyCN4Ffgg.woff2  https://fonts.gstatic.com/s/ubuntu/v21/4iCp6KVjbNBYlgoKejYHtFyCN4Ffgg.woff2
e30121c1e8cd5b9a760b2b5d41c12389d81f8240f903fb2cb9d9f1c567ecbeb2  fonts/4iCp6KVjbNBYlgoKejYHtFyDN4Ffgg.woff2  https://fonts.gstatic.com/s/ubuntu/v21/4iCp6KVjbNBYlgoKejYHtFyDN4Ffgg.woff2
61240e41a1a32ff17d19d97b80944b32fcbf414d823c7804ff86f35caca6bdb1  fonts/4iCp6KVjbNBYlgoKejYHtFyLN4Ffgg.woff2  https://fonts.gstatic.com/s/ubuntu/v21/4iCp6KVjbNBYlgoKejYHtFyLN4Ffgg.woff2
be694b000c9023bce2741c65af09625ea24583f38f6649daca3498f53cc7dd23  fonts/4iCp6KVjbNBYlgoKejYHtFyMN4Ffgg.woff2  https://fonts.gstatic.com/s/ubuntu/v21/4iCp6KVjbNBYlgoKejYHtFyMN4Ffgg.woff2
2c314f98cffbd264fa93de03becb6012215a145943389003f70c825bac0ac0c5  fonts/4iCp6KVjbNBYlgoKejYHtFyPN4E.woff2  https://fonts.gstatic.com/s/ubuntu/v21/4iCp6KVjbNBYlgoKejYHtFyPN4E.woff2
794cd2c5767e39c9273da3a321c0f65a599d6c5a08d24a6c7c3798bea6de00d7  fonts/4iCp6KVjbNBYlgoKejZPslyBN4Ffgg.woff2  https://fonts.gstatic.com/s/ubuntu/v21/4iCp6KVjbNBYlgoKejZPslyBN4Ffgg.woff2
528aabb08fd185b34864c48928500a11041d1c28522bd347a1dbdf60946438b3  fonts/4iCp6KVjbNBYlgoKejZPslyCN4Ffgg.woff2  https://fonts.gstatic.com/s/ubuntu/v21/4iCp6KVjbNBYlgoKejZPslyCN4Ffgg.woff2
b0ba5ece936832f2170a30a3cb1b14c882e164c308b36363ac7993e9d9d32b83  fonts/4iCp6KVjbNBYlgoKejZPslyDN4Ffgg.woff2  https://fonts.gstatic.com/s/ubuntu/v21/4iCp6KVjbNBYlgoKejZPslyDN4Ffgg.woff2
d106c7b5577ed43369a998c17be94247209528ccbff79cd8ff7ed1a21d0beb70  fonts/4iCp6KVjbNBYlgoKejZPslyLN4Ffgg.woff2  https://fonts.gstatic.com/s/ubuntu/v21/4iCp6KVjbNBYlgoKejZPslyLN4Ffgg.woff2
08d82d150dcbe1343678606e771732c0fc9a5a19ba5b807da668ecb6cab8bd7b  fonts/4iCp6KVjbNBYlgoKejZPslyMN4Ffgg.woff2  https://fonts.gstatic.com/s/ubuntu/v21/4iCp6KVjbNBYlgoKejZPslyMN4Ffgg.woff2
c43326719ec42ca99c5f6ee1c6107ebe59f636812c4a0e93a58a2e7051db4930  fonts/4iCp6KVjbNBYlgoKejZPslyPN4E.woff2  https://fonts.gstatic.com/s/ubuntu/v21/4iCp6KVjbNBYlgoKejZPslyPN4E.woff2
328207ac6d83e88ac9c233e313a19902be582b28aa8021637583835386845527  fonts/4iCp6KVjbNBYlgoKejZftVyBN4Ffgg.woff2  https://fonts.gstatic.com/s/ubuntu/v21/4iCp6KVjbNBYlgoKejZftVyBN4Ffgg.woff2
6208a2c8724bae434b8e3a77c6a9a5f8a63620f5c17dcee7a9429eb0f2775f4a  fonts/4iCp6KVjbNBYlgoKejZftVyCN4Ffgg.woff2  https://fonts.gstatic.com/s/ubuntu/v21/4iCp6KVjbNBYlgoKejZftVyCN4Ffgg.woff2
cb462dae11cd964e4bdb23edcc20b5d5e03480ca24228cf6a10a826431e94133  fonts/4iCp6KVjbNBYlgoKejZftVyDN4Ffgg.woff2  https://fonts.gstatic.com/s/ubuntu/v21/4iCp6KVjbNBYlgoKejZftVyDN4Ffgg.woff2
534b9af4f90ddd0fe8fce390b522dbcc6b597da8f372582a79b032c4136a96ce  fonts/4iCp6KVjbNBYlgoKejZftVyLN4Ffgg.woff2  https://fonts.gstatic.com/s/ubuntu/v21/4iCp6KVjbNBYlgoKejZftVyLN4Ffgg.woff2
2fd9bd5a9d01d6ac399e30598a29f749d6877f1f674567b840ad13ada4138afb  fonts/4iCp6KVjbNBYlgoKejZftVyMN4Ffgg.woff2  https://fonts.gstatic.com/s/ubuntu/v21/4iCp6KVjbNBYlgoKejZftVyMN4Ffgg.woff2
037322a3352464d54155a1c38b8e6e687e35d89e260ca06a749cc725a82dda2f  fonts/4iCp6KVjbNBYlgoKejZftVyPN4E.woff2  https://fonts.gstatic.com/s/ubuntu/v21/4iCp6KVjbNBYlgoKejZftVyPN4E.woff2
7db064fa5c5d305d684608744d621aa724ec4f1c6b00bb647697f4d8d3e78df1  fonts/4iCs6KVjbNBYlgoKcQ72j00.woff2  https://fonts.gstatic.com/s/ubuntu/v21/4iCs6KVjbNBYlgoKcQ72j00.woff2
a9d09ab6d1c4b1b02e06a5449c7ff2632d52c87215df9727648a3201efd5951b  fonts/4iCs6KVjbNBYlgoKcg72j00.woff2  https://fonts.gstatic.com/s/ubuntu/v21/4iCs6KVjbNBYlgoKcg72j00.woff2
3141288b0697416cbd4a3198f70f41483efde6d3f033aba96bd47c369649bad8  fonts/4iCs6KVjbNBYlgoKcw72j00.woff2  https://fonts.gstatic.com/s/ubuntu/v21/4iCs6KVjbNBYlgoKcw72j00.woff2
c86112704544f597d4814625795347beffe516e15c679d52b14302ec5e149ba7  fonts/4iCs6KVjbNBYlgoKew72j00.woff2  https://fonts.gstatic.com/s/ubuntu/v21/4iCs6KVjbNBYlgoKew72j00.woff2
57e110b6d4ff875cf8f9aedc7b818bee5143433b4c9032e0e373e40c9604a460  fonts/4iCs6KVjbNBYlgoKfA72j00.woff2  https://fonts.gstatic.com/s/ubuntu/v21/4iCs6KVjbNBYlgoKfA72j00.woff2
dabae363ac0ae6c3b2a137a32f7132b42520a8af252f87aa6c2198f2a79cf91c  fonts/4iCs6KVjbNBYlgoKfw72.woff2  https://fonts.gstatic.com/s/ubuntu/v21/4iCs6KVjbNBYlgoKfw72.woff2
bc79d1b312559bbb2fec09c60895b411a60403586df8907fc022afaae3be7971  fonts/4iCu6KVjbNBYlgoKej70l0k.woff2  https://fonts.gstatic.com/s/ubuntu/v21/4iCu6KVjbNBYlgoKej70l0k.woff2
b529e320adc9023e74971fa7465f6adf9589692c5641d1c25b575e5e8421a472  fonts/4iCu6KVjbNBYlgoKej73l0mwFg.woff2  https://fonts.gstatic.com/s/ubuntu/v21/4iCu6KVjbNBYlgoKej73l0mwFg.woff2
f7d16b039bc382ce576bf862d630d0f1c5741cc1f0812fca7320146ac17b12c6  fonts/4iCu6KVjbNBYlgoKej74l0mwFg.woff2  https://fonts.gstatic.com/s/ubuntu/v21/4iCu6KVjbNBYlgoKej74l0mwFg.woff2
d33a3d84b46e4916c3ccc101af0fa956a27b81052a12bde4c0cf7745baa1b78a  fonts/4iCu6KVjbNBYlgoKej75l0mwFg.woff2  https://fonts.gstatic.com/s/ubuntu/v21/4iCu6KVjbNBYlgoKej75l0mwFg.woff2
b923867df5e5862a03c79e4d38ad76d5102da1a5a01d8ccadc75c05e0786e8bd  fonts/4iCu6KVjbNBYlgoKej76l0mwFg.woff2  https://fonts.gstatic.com/s/ubuntu/v21/4iCu6KVjbNBYlgoKej76l0mwFg.woff2
0b4d74d7c140fc31b6eab09877f381711dea4014f6de29111098dad30c1694b7  fonts/4iCu6KVjbNBYlgoKej7wl0mwFg.woff2  https://fonts.gstatic.com/s/ubuntu/v21/4iCu6KVjbNBYlgoKej7wl0mwFg.woff2
677a1561e483029490af2dd6fddac39d71b18d4ddc3a90ca26fdd1c2ff42ce37  fonts/4iCv6KVjbNBYlgoC1Czjs2yNL4U.woff2  https://fonts.gstatic.com/s/ubuntu/v21/4iCv6KVjbNBYlgoC1Czjs2yNL4U.woff2
998fb9fd2f2845f623afa3fad936a4c832f7213cbb153450ff2908088ca418b4  fonts/4iCv6KVjbNBYlgoC1CzjsGyN.woff2  https://fonts.gstatic.com/s/ubuntu/v21/4iCv6KVjbNBYlgoC1CzjsGyN.woff2
5b04c8858d97ec108f1d933a9087adcd963f9dda04bb66b67ed0c6db9771f972  fonts/4iCv6KVjbNBYlgoC1CzjtGyNL4U.woff2  https://fonts.gstatic.com/s/ubuntu/v21/4iCv6KVjbNBYlgoC1CzjtGyNL4U.woff2
deb455db2dd20bba526c608c566d441cd405045c1148a08e7262701cfb9c0a11  fonts/4iCv6KVjbNBYlgoC1CzjvGyNL4U.woff2  https://fonts.gstatic.com/s/ubuntu/v21/4iCv6KVjbNBYlgoC1CzjvGyNL4U.woff2
098f25fb528179189e436e7d7573d36983358cff726ac889993fd97ba823f017  fonts/4iCv6KVjbNBYlgoC1CzjvWyNL4U.woff2  https://fonts.gstatic.com/s/ubuntu/v21/4iCv6KVjbNBYlgoC1CzjvWyNL4U.woff2
1ec5bd1468d2c2f226d6c4c187a95bfe9e997bd0f15f42114293ea5c0260a012  fonts/4iCv6KVjbNBYlgoC1CzjvmyNL4U.woff2  https://fonts.gstatic.com/s/ubuntu/v21/4iCv6KVjbNBYlgoC1CzjvmyNL4U.woff2
cd095d54d97f9a0d83b053e8cb12bbdda12f15a5ca1a35ca510423fe6dde53f2  fonts/4iCv6KVjbNBYlgoCjC3js2yNL4U.woff2  https://fonts.gstatic.com/s/ubuntu/v21/4iCv6KVjbNBYlgoCjC3js2yNL4U.woff2
428ec293d3b79af16abdca704f630c6c951744f572eddbc80e970bc9a94a33d2  fonts/4iCv6KVjbNBYlgoCjC3jsGyN.woff2  https://fonts.gstatic.com/s/ubuntu/v21/4iCv6KVjbNBYlgoCjC3jsGyN.woff2
7141e2f1c644d2177574909484c430e4e254af7daf7e2a253a49bae92cdfd3d8  fonts/4iCv6KVjbNBYlgoCjC3jtGyNL4U.woff2  https://fonts.gstatic.com/s/ubuntu/v21/4iCv6KVjbNBYlgoCjC3jtGyNL4U.woff2
87290fd818f42526a99faa7cd0710500c41b46a48a4c1dbdc50b72662c8b745f  fonts/4iCv6KVjbNBYlgoCjC3jvGyNL4U.woff2  https://fonts.gstatic.com/s/ubuntu/v21/4iCv6KVjbNBYlgoCjC3jvGyNL4U.woff2
3985441a30918afb3b3d2970029daa4a2da0c75ca8600cb881fe59d7db897938  fonts/4iCv6KVjbNBYlgoCjC3jvWyNL4U.woff2  https://fonts.gstatic.com/s/ubuntu/v21/4iCv6KVjbNBYlgoCjC3jvWyNL4U.woff2
a90dec375bfc6a8b7c568da98f28b844916c5973e346f12eb55f016177e254df  fonts/4iCv6KVjbNBYlgoCjC3jvmyNL4U.woff2  https://fonts.gstatic.com/s/ubuntu/v21/4iCv6KVjbNBYlgoCjC3jvmyNL4U.woff2
083fb2d0137ac54e05c22d540864c7e0c396609d2d5372bb867d7ba5301c114f  fonts/4iCv6KVjbNBYlgoCxCvjs2yNL4U.woff2  https://fonts.gstatic.com/s/ubuntu/v21/4iCv6KVjbNBYlgoCxCvjs2yNL4U.woff2
3658a0717e347c1db8d80dd565584b9dc56769fbf87909c50a4a7740206ec5f7  fonts/4iCv6KVjbNBYlgoCxCvjsGyN.woff2  https://fonts.gstatic.com/s/ubuntu/v21/4iCv6KVjbNBYlgoCxCvjsGyN.woff2
0cb2c5c2d5750826f2ec6c675d772f8014b7bb708c28128a76beba154b43ae49  fonts/4iCv6KVjbNBYlgoCxCvjtGyNL4U.woff2  https://fonts.gstatic.com/s/ubuntu/v21/4iCv6KVjbNBYlgoCxCvjtGyNL4U.woff2
b3d8897e85a2b2c70cdea0c70f28e3c29a75714c7745054fa62743831c37d616  fonts/4iCv6KVjbNBYlgoCxCvjvGyNL4U.woff2  https://fonts.gstatic.com/s/ubuntu/v21/4iCv6KVjbNBYlgoCxCvjvGyNL4U.woff2
f6be9c6684826134102a1f20ac9c05c72185a0b50b75d40f88e10e4de32b68c5  fonts/4iCv6KVjbNBYlgoCxCvjvWyNL4U.woff2  https://fonts.gstatic.com/s/ubuntu/v21/4iCv6KVjbNBYlgoCxCvjvWyNL4U.woff2
30073583012b73a5c05c290e601325850ddbc7c7a1241561ec9264b8744c2a86  fonts/4iCv6KVjbNBYlgoCxCvjvmyNL4U.woff2  https://fonts.gstatic.com/s/ubuntu/v21/4iCv6KVjbNBYlgoCxCvjvmyNL4U.woff2
182794a1729d27aca4aca32422ec18e7dfa3b6b7a5de6eb59cc8cc404da964a6  favicon.ico  https://s3.amazonaws.com/scripting.com/favicon.ico
